
Microsoft Visual Studio Solution File, Format Version 12.00
# Visual Studio Version 16
VisualStudioVersion = 16.0.30406.217
MinimumVisualStudioVersion = 10.0.40219.1
Project("{9A19103F-16F7-4668-BE54-9A1E7A4F7556}") = "RobotControl01.NetCore", "RobotControl01\RobotControl01.NetCore.csproj", "{35C20570-E574-442C-A7BA-5077CECE88E3}"
EndProject
Project("{FAE04EC0-301F-11D3-BF4B-00C04F79EFBC}") = "RobotControl.Net", "RobotControl.Net\RobotControl.Net.csproj", "{6E46E2D8-942C-4505-AA66-CBD90F966A27}"
EndProject
Global
	GlobalSection(SolutionConfigurationPlatforms) = preSolution
		Debug|Any CPU = Debug|Any CPU
		Debug|x64 = Debug|x64
		Release|Any CPU = Release|Any CPU
		Release|x64 = Release|x64
	EndGlobalSection
	GlobalSection(ProjectConfigurationPlatforms) = postSolution
		{35C20570-E574-442C-A7BA-5077CECE88E3}.Debug|Any CPU.ActiveCfg = Debug|Any CPU
		{35C20570-E574-442C-A7BA-5077CECE88E3}.Debug|Any CPU.Build.0 = Debug|Any CPU
		{35C20570-E574-442C-A7BA-5077CECE88E3}.Debug|x64.ActiveCfg = Debug|x64
		{35C20570-E574-442C-A7BA-5077CECE88E3}.Debug|x64.Build.0 = Debug|x64
		{35C20570-E574-442C-A7BA-5077CECE88E3}.Release|Any CPU.ActiveCfg = Release|Any CPU
		{35C20570-E574-442C-A7BA-5077CECE88E3}.Release|Any CPU.Build.0 = Release|Any CPU
		{35C20570-E574-442C-A7BA-5077CECE88E3}.Release|x64.ActiveCfg = Release|x64
		{35C20570-E574-442C-A7BA-5077CECE88E3}.Release|x64.Build.0 = Release|x64
		{6E46E2D8-942C-4505-AA66-CBD90F966A27}.Debug|Any CPU.ActiveCfg = Debug|Any CPU
		{6E46E2D8-942C-4505-AA66-CBD90F966A27}.Debug|Any CPU.Build.0 = Debug|Any CPU
		{6E46E2D8-942C-4505-AA66-CBD90F966A27}.Debug|x64.ActiveCfg = Debug|x64
		{6E46E2D8-942C-4505-AA66-CBD90F966A27}.Debug|x64.Build.0 = Debug|x64
		{6E46E2D8-942C-4505-AA66-CBD90F966A27}.Release|Any CPU.ActiveCfg = Release|Any CPU
		{6E46E2D8-942C-4505-AA66-CBD90F966A27}.Release|Any CPU.Build.0 = Release|Any CPU
		{6E46E2D8-942C-4505-AA66-CBD90F966A27}.Release|x64.ActiveCfg = Release|x64
		{6E46E2D8-942C-4505-AA66-CBD90F966A27}.Release|x64.Build.0 = Release|x64
	EndGlobalSection
	GlobalSection(SolutionProperties) = preSolution
		HideSolutionNode = FALSE
	EndGlobalSection
	GlobalSection(ExtensibilityGlobals) = postSolution
		SolutionGuid = {BF2571C1-EE0A-40EF-B5FC-F99A7E743C84}
	EndGlobalSection
EndGlobal
